// !$*UTF8*$!
{
	archiveVersion = 1;
	classes = {
	};
	objectVersion = 77;
	objects = {

/* Begin PBXContainerItemProxy section */
		92980E4C2D43F50B001FDFAD /* PBXContainerItemProxy */ = {
			isa = PBXContainerItemProxy;
			containerPortal = 92980E2D2D43F50A001FDFAD /* Project object */;
			proxyType = 1;
			remoteGlobalIDString = 92980E342D43F50A001FDFAD;
			remoteInfo = "Architecture Homeworks";
		};
		92980E562D43F50B001FDFAD /* PBXContainerItemProxy */ = {
			isa = PBXContainerItemProxy;
			containerPortal = 92980E2D2D43F50A001FDFAD /* Project object */;
			proxyType = 1;
			remoteGlobalIDString = 92980E342D43F50A001FDFAD;
			remoteInfo = "Architecture Homeworks";
		};
/* End PBXContainerItemProxy section */

/* Begin PBXFileReference section */
		92980E352D43F50A001FDFAD /* Architecture Homeworks.app */ = {isa = PBXFileReference; explicitFileType = wrapper.application; includeInIndex = 0; path = "Architecture Homeworks.app"; sourceTree = BUILT_PRODUCTS_DIR; };
		92980E4B2D43F50B001FDFAD /* Architecture HomeworksTests.xctest */ = {isa = PBXFileReference; explicitFileType = wrapper.cfbundle; includeInIndex = 0; path = "Architecture HomeworksTests.xctest"; sourceTree = BUILT_PRODUCTS_DIR; };
		92980E552D43F50B001FDFAD /* Architecture HomeworksUITests.xctest */ = {isa = PBXFileReference; explicitFileType = wrapper.cfbundle; includeInIndex = 0; path = "Architecture HomeworksUITests.xctest"; sourceTree = BUILT_PRODUCTS_DIR; };
/* End PBXFileReference section */

/* Begin PBXFileSystemSynchronizedBuildFileExceptionSet section */
		92980E5D2D43F50B001FDFAD /* Exceptions for "Architecture Homeworks" folder in "Architecture Homeworks" target */ = {
			isa = PBXFileSystemSynchronizedBuildFileExceptionSet;
			membershipExceptions = (
				Info.plist,
			);
			target = 92980E342D43F50A001FDFAD /* Architecture Homeworks */;
		};
/* End PBXFileSystemSynchronizedBuildFileExceptionSet section */

/* Begin PBXFileSystemSynchronizedRootGroup section */
		92980E372D43F50A001FDFAD /* Architecture Homeworks */ = {
			isa = PBXFileSystemSynchronizedRootGroup;
			exceptions = (
				92980E5D2D43F50B001FDFAD /* Exceptions for "Architecture Homeworks" folder in "Architecture Homeworks" target */,
			);
			path = "Architecture Homeworks";
			sourceTree = "<group>";
		};
		92980E4E2D43F50B001FDFAD /* Architecture HomeworksTests */ = {
			isa = PBXFileSystemSynchronizedRootGroup;
			path = "Architecture HomeworksTests";
			sourceTree = "<group>";
		};
		92980E582D43F50B001FDFAD /* Architecture HomeworksUITests */ = {
			isa = PBXFileSystemSynchronizedRootGroup;
			path = "Architecture HomeworksUITests";
			sourceTree = "<group>";
		};
/* End PBXFileSystemSynchronizedRootGroup section */

/* Begin PBXFrameworksBuildPhase section */
		92980E322D43F50A001FDFAD /* Frameworks */ = {
			isa = PBXFrameworksBuildPhase;
			buildActionMask = 2147483647;
			files = (
			);
			runOnlyForDeploymentPostprocessing = 0;
		};
		92980E482D43F50B001FDFAD /* Frameworks */ = {
			isa = PBXFrameworksBuildPhase;
			buildActionMask = 2147483647;
			files = (
			);
			runOnlyForDeploymentPostprocessing = 0;
		};
		92980E522D43F50B001FDFAD /* Frameworks */ = {
			isa = PBXFrameworksBuildPhase;
			buildActionMask = 2147483647;
			files = (
			);
			runOnlyForDeploymentPostprocessing = 0;
		};
/* End PBXFrameworksBuildPhase section */

/* Begin PBXGroup section */
		92980E2C2D43F50A001FDFAD = {
			isa = PBXGroup;
			children = (
				92980E372D43F50A001FDFAD /* Architecture Homeworks */,
				92980E4E2D43F50B001FDFAD /* Architecture HomeworksTests */,
				92980E582D43F50B001FDFAD /* Architecture HomeworksUITests */,
				92980E362D43F50A001FDFAD /* Products */,
			);
			sourceTree = "<group>";
		};
		92980E362D43F50A001FDFAD /* Products */ = {
			isa = PBXGroup;
			children = (
				92980E352D43F50A001FDFAD /* Architecture Homeworks.app */,
				92980E4B2D43F50B001FDFAD /* Architecture HomeworksTests.xctest */,
				92980E552D43F50B001FDFAD /* Architecture HomeworksUITests.xctest */,
			);
			name = Products;
			sourceTree = "<group>";
		};
/* End PBXGroup section */

/* Begin PBXNativeTarget section */
		92980E342D43F50A001FDFAD /* Architecture Homeworks */ = {
			isa = PBXNativeTarget;
			buildConfigurationList = 92980E5E2D43F50B001FDFAD /* Build configuration list for PBXNativeTarget "Architecture Homeworks" */;
			buildPhases = (
				92980E312D43F50A001FDFAD /* Sources */,
				92980E322D43F50A001FDFAD /* Frameworks */,
				92980E332D43F50A001FDFAD /* Resources */,
			);
			buildRules = (
			);
			dependencies = (
			);
			fileSystemSynchronizedGroups = (
				92980E372D43F50A001FDFAD /* Architecture Homeworks */,
			);
			name = "Architecture Homeworks";
			packageProductDependencies = (
			);
			productName = "Architecture Homeworks";
			productReference = 92980E352D43F50A001FDFAD /* Architecture Homeworks.app */;
			productType = "com.apple.product-type.application";
		};
		92980E4A2D43F50B001FDFAD /* Architecture HomeworksTests */ = {
			isa = PBXNativeTarget;
			buildConfigurationList = 92980E632D43F50B001FDFAD /* Build configuration list for PBXNativeTarget "Architecture HomeworksTests" */;
			buildPhases = (
				92980E472D43F50B001FDFAD /* Sources */,
				92980E482D43F50B001FDFAD /* Frameworks */,
				92980E492D43F50B001FDFAD /* Resources */,
			);
			buildRules = (
			);
			dependencies = (
				92980E4D2D43F50B001FDFAD /* PBXTargetDependency */,
			);
			fileSystemSynchronizedGroups = (
				92980E4E2D43F50B001FDFAD /* Architecture HomeworksTests */,
			);
			name = "Architecture HomeworksTests";
			packageProductDependencies = (
			);
			productName = "Architecture HomeworksTests";
			productReference = 92980E4B2D43F50B001FDFAD /* Architecture HomeworksTests.xctest */;
			productType = "com.apple.product-type.bundle.unit-test";
		};
		92980E542D43F50B001FDFAD /* Architecture HomeworksUITests */ = {
			isa = PBXNativeTarget;
			buildConfigurationList = 92980E662D43F50B001FDFAD /* Build configuration list for PBXNativeTarget "Architecture HomeworksUITests" */;
			buildPhases = (
				92980E512D43F50B001FDFAD /* Sources */,
				92980E522D43F50B001FDFAD /* Frameworks */,
				92980E532D43F50B001FDFAD /* Resources */,
			);
			buildRules = (
			);
			dependencies = (
				92980E572D43F50B001FDFAD /* PBXTargetDependency */,
			);
			fileSystemSynchronizedGroups = (
				92980E582D43F50B001FDFAD /* Architecture HomeworksUITests */,
			);
			name = "Architecture HomeworksUITests";
			packageProductDependencies = (
			);
			productName = "Architecture HomeworksUITests";
			productReference = 92980E552D43F50B001FDFAD /* Architecture HomeworksUITests.xctest */;
			productType = "com.apple.product-type.bundle.ui-testing";
		};
/* End PBXNativeTarget section */

/* Begin PBXProject section */
		92980E2D2D43F50A001FDFAD /* Project object */ = {
			isa = PBXProject;
			attributes = {
				BuildIndependentTargetsInParallel = 1;
				LastSwiftUpdateCheck = 1610;
				LastUpgradeCheck = 1610;
				TargetAttributes = {
					92980E342D43F50A001FDFAD = {
						CreatedOnToolsVersion = 16.1;
					};
					92980E4A2D43F50B001FDFAD = {
						CreatedOnToolsVersion = 16.1;
						LastSwiftMigration = 1610;
						TestTargetID = 92980E342D43F50A001FDFAD;
					};
					92980E542D43F50B001FDFAD = {
						CreatedOnToolsVersion = 16.1;
						TestTargetID = 92980E342D43F50A001FDFAD;
					};
				};
			};
			buildConfigurationList = 92980E302D43F50A001FDFAD /* Build configuration list for PBXProject "Architecture Homeworks" */;
			developmentRegion = en;
			hasScannedForEncodings = 0;
			knownRegions = (
				en,
				Base,
			);
			mainGroup = 92980E2C2D43F50A001FDFAD;
			minimizedProjectReferenceProxies = 1;
			preferredProjectObjectVersion = 77;
			productRefGroup = 92980E362D43F50A001FDFAD /* Products */;
			projectDirPath = "";
			projectRoot = "";
			targets = (
				92980E342D43F50A001FDFAD /* Architecture Homeworks */,
				92980E4A2D43F50B001FDFAD /* Architecture HomeworksTests */,
				92980E542D43F50B001FDFAD /* Architecture HomeworksUITests */,
			);
		};
/* End PBXProject section */

/* Begin PBXResourcesBuildPhase section */
		92980E332D43F50A001FDFAD /* Resources */ = {
			isa = PBXResourcesBuildPhase;
			buildActionMask = 2147483647;
			files = (
			);
			runOnlyForDeploymentPostprocessing = 0;
		};
		92980E492D43F50B001FDFAD /* Resources */ = {
			isa = PBXResourcesBuildPhase;
			buildActionMask = 2147483647;
			files = (
			);
			runOnlyForDeploymentPostprocessing = 0;
		};
		92980E532D43F50B001FDFAD /* Resources */ = {
			isa = PBXResourcesBuildPhase;
			buildActionMask = 2147483647;
			files = (
			);
			runOnlyForDeploymentPostprocessing = 0;
		};
/* End PBXResourcesBuildPhase section */

/* Begin PBXSourcesBuildPhase section */
		92980E312D43F50A001FDFAD /* Sources */ = {
			isa = PBXSourcesBuildPhase;
			buildActionMask = 2147483647;
			files = (
			);
			runOnlyForDeploymentPostprocessing = 0;
		};
		92980E472D43F50B001FDFAD /* Sources */ = {
			isa = PBXSourcesBuildPhase;
			buildActionMask = 2147483647;
			files = (
			);
			runOnlyForDeploymentPostprocessing = 0;
		};
		92980E512D43F50B001FDFAD /* Sources */ = {
			isa = PBXSourcesBuildPhase;
			buildActionMask = 2147483647;
			files = (
			);
			runOnlyForDeploymentPostprocessing = 0;
		};
/* End PBXSourcesBuildPhase section */

/* Begin PBXTargetDependency section */
		92980E4D2D43F50B001FDFAD /* PBXTargetDependency */ = {
			isa = PBXTargetDependency;
			target = 92980E342D43F50A001FDFAD /* Architecture Homeworks */;
			targetProxy = 92980E4C2D43F50B001FDFAD /* PBXContainerItemProxy */;
		};
		92980E572D43F50B001FDFAD /* PBXTargetDependency */ = {
			isa = PBXTargetDependency;
			target = 92980E342D43F50A001FDFAD /* Architecture Homeworks */;
			targetProxy = 92980E562D43F50B001FDFAD /* PBXContainerItemProxy */;
		};
/* End PBXTargetDependency section */

/* Begin XCBuildConfiguration section */
		92980E5F2D43F50B001FDFAD /* Debug */ = {
			isa = XCBuildConfiguration;
			buildSettings = {
				ASSETCATALOG_COMPILER_APPICON_NAME = AppIcon;
				ASSETCATALOG_COMPILER_GLOBAL_ACCENT_COLOR_NAME = AccentColor;
				CODE_SIGN_STYLE = Automatic;
				CURRENT_PROJECT_VERSION = 1;
				DEVELOPMENT_TEAM = 258576KTZ4;
				GENERATE_INFOPLIST_FILE = YES;
				INFOPLIST_FILE = "Architecture Homeworks/Info.plist";
				INFOPLIST_KEY_UIApplicationSupportsIndirectInputEvents = YES;
				INFOPLIST_KEY_UILaunchStoryboardName = LaunchScreen;
				INFOPLIST_KEY_UIMainStoryboardFile = Main;
				INFOPLIST_KEY_UISupportedInterfaceOrientations_iPad = "UIInterfaceOrientationPortrait UIInterfaceOrientationPortraitUpsideDown UIInterfaceOrientationLandscapeLeft UIInterfaceOrientationLandscapeRight";
				INFOPLIST_KEY_UISupportedInterfaceOrientations_iPhone = "UIInterfaceOrientationPortrait UIInterfaceOrientationLandscapeLeft UIInterfaceOrientationLandscapeRight";
				LD_RUNPATH_SEARCH_PATHS = (
					"$(inherited)",
					"@executable_path/Frameworks",
				);
				MARKETING_VERSION = 1.0;
				PRODUCT_BUNDLE_IDENTIFIER = "com.app.homeworks.Architecture-Homeworks";
				PRODUCT_NAME = "$(TARGET_NAME)";
				SWIFT_EMIT_LOC_STRINGS = YES;
				SWIFT_VERSION = 5.0;
				TARGETED_DEVICE_FAMILY = "1,2";
			};
			name = Debug;
		};
		92980E602D43F50B001FDFAD /* Release */ = {
			isa = XCBuildConfiguration;
			buildSettings = {
				ASSETCATALOG_COMPILER_APPICON_NAME = AppIcon;
				ASSETCATALOG_COMPILER_GLOBAL_ACCENT_COLOR_NAME = AccentColor;
				CODE_SIGN_STYLE = Automatic;
				CURRENT_PROJECT_VERSION = 1;
				DEVELOPMENT_TEAM = 258576KTZ4;
				GENERATE_INFOPLIST_FILE = YES;
				INFOPLIST_FILE = "Architecture Homeworks/Info.plist";
				INFOPLIST_KEY_UIApplicationSupportsIndirectInputEvents = YES;
				INFOPLIST_KEY_UILaunchStoryboardName = LaunchScreen;
				INFOPLIST_KEY_UIMainStoryboardFile = Main;
				INFOPLIST_KEY_UISupportedInterfaceOrientations_iPad = "UIInterfaceOrientationPortrait UIInterfaceOrientationPortraitUpsideDown UIInterfaceOrientationLandscapeLeft UIInterfaceOrientationLandscapeRight";
				INFOPLIST_KEY_UISupportedInterfaceOrientations_iPhone = "UIInterfaceOrientationPortrait UIInterfaceOrientationLandscapeLeft UIInterfaceOrientationLandscapeRight";
				LD_RUNPATH_SEARCH_PATHS = (
					"$(inherited)",
					"@executable_path/Frameworks",
				);
				MARKETING_VERSION = 1.0;
				PRODUCT_BUNDLE_IDENTIFIER = "com.app.homeworks.Architecture-Homeworks";
				PRODUCT_NAME = "$(TARGET_NAME)";
				SWIFT_EMIT_LOC_STRINGS = YES;
				SWIFT_VERSION = 5.0;
				TARGETED_DEVICE_FAMILY = "1,2";
			};
			name = Release;
		};
		92980E612D43F50B001FDFAD /* Debug */ = {
			isa = XCBuildConfiguration;
			buildSettings = {
				ALWAYS_SEARCH_USER_PATHS = NO;
				ASSETCATALOG_COMPILER_GENERATE_SWIFT_ASSET_SYMBOL_EXTENSIONS = YES;
				CLANG_ANALYZER_NONNULL = YES;
				CLANG_ANALYZER_NUMBER_OBJECT_CONVERSION = YES_AGGRESSIVE;
				CLANG_CXX_LANGUAGE_STANDARD = "gnu++20";
				CLANG_ENABLE_MODULES = YES;
				CLANG_ENABLE_OBJC_ARC = YES;
				CLANG_ENABLE_OBJC_WEAK = YES;
				CLANG_WARN_BLOCK_CAPTURE_AUTORELEASING = YES;
				CLANG_WARN_BOOL_CONVERSION = YES;
				CLANG_WARN_COMMA = YES;
				CLANG_WARN_CONSTANT_CONVERSION = YES;
				CLANG_WARN_DEPRECATED_OBJC_IMPLEMENTATIONS = YES;
				CLANG_WARN_DIRECT_OBJC_ISA_USAGE = YES_ERROR;
				CLANG_WARN_DOCUMENTATION_COMMENTS = YES;
				CLANG_WARN_EMPTY_BODY = YES;
				CLANG_WARN_ENUM_CONVERSION = YES;
				CLANG_WARN_INFINITE_RECURSION = YES;
				CLANG_WARN_INT_CONVERSION = YES;
				CLANG_WARN_NON_LITERAL_NULL_CONVERSION = YES;
				CLANG_WARN_OBJC_IMPLICIT_RETAIN_SELF = YES;
				CLANG_WARN_OBJC_LITERAL_CONVERSION = YES;
				CLANG_WARN_OBJC_ROOT_CLASS = YES_ERROR;
				CLANG_WARN_QUOTED_INCLUDE_IN_FRAMEWORK_HEADER = YES;
				CLANG_WARN_RANGE_LOOP_ANALYSIS = YES;
				CLANG_WARN_STRICT_PROTOTYPES = YES;
				CLANG_WARN_SUSPICIOUS_MOVE = YES;
				CLANG_WARN_UNGUARDED_AVAILABILITY = YES_AGGRESSIVE;
				CLANG_WARN_UNREACHABLE_CODE = YES;
				CLANG_WARN__DUPLICATE_METHOD_MATCH = YES;
				COPY_PHASE_STRIP = NO;
				DEBUG_INFORMATION_FORMAT = dwarf;
				ENABLE_STRICT_OBJC_MSGSEND = YES;
				ENABLE_TESTABILITY = YES;
				ENABLE_USER_SCRIPT_SANDBOXING = YES;
				GCC_C_LANGUAGE_STANDARD = gnu17;
				GCC_DYNAMIC_NO_PIC = NO;
				GCC_NO_COMMON_BLOCKS = YES;
				GCC_OPTIMIZATION_LEVEL = 0;
				GCC_PREPROCESSOR_DEFINITIONS = (
					"DEBUG=1",
					"$(inherited)",
				);
				GCC_WARN_64_TO_32_BIT_CONVERSION = YES;
				GCC_WARN_ABOUT_RETURN_TYPE = YES_ERROR;
				GCC_WARN_UNDECLARED_SELECTOR = YES;
				GCC_WARN_UNINITIALIZED_AUTOS = YES_AGGRESSIVE;
				GCC_WARN_UNUSED_FUNCTION = YES;
				GCC_WARN_UNUSED_VARIABLE = YES;
				IPHONEOS_DEPLOYMENT_TARGET = 18.1;
				LOCALIZATION_PREFERS_STRING_CATALOGS = YES;
				MTL_ENABLE_DEBUG_INFO = INCLUDE_SOURCE;
				MTL_FAST_MATH = YES;
				ONLY_ACTIVE_ARCH = YES;
				SDKROOT = iphoneos;
				SWIFT_ACTIVE_COMPILATION_CONDITIONS = "DEBUG $(inherited)";
				SWIFT_OPTIMIZATION_LEVEL = "-Onone";
			};
			name = Debug;
		};
		92980E622D43F50B001FDFAD /* Release */ = {
			isa = XCBuildConfiguration;
			buildSettings = {
				ALWAYS_SEARCH_USER_PATHS = NO;
				ASSETCATALOG_COMPILER_GENERATE_SWIFT_ASSET_SYMBOL_EXTENSIONS = YES;
				CLANG_ANALYZER_NONNULL = YES;
				CLANG_ANALYZER_NUMBER_OBJECT_CONVERSION = YES_AGGRESSIVE;
				CLANG_CXX_LANGUAGE_STANDARD = "gnu++20";
				CLANG_ENABLE_MODULES = YES;
				CLANG_ENABLE_OBJC_ARC = YES;
				CLANG_ENABLE_OBJC_WEAK = YES;
				CLANG_WARN_BLOCK_CAPTURE_AUTORELEASING = YES;
				CLANG_WARN_BOOL_CONVERSION = YES;
				CLANG_WARN_COMMA = YES;
				CLANG_WARN_CONSTANT_CONVERSION = YES;
				CLANG_WARN_DEPRECATED_OBJC_IMPLEMENTATIONS = YES;
				CLANG_WARN_DIRECT_OBJC_ISA_USAGE = YES_ERROR;
				CLANG_WARN_DOCUMENTATION_COMMENTS = YES;
				CLANG_WARN_EMPTY_BODY = YES;
				CLANG_WARN_ENUM_CONVERSION = YES;
				CLANG_WARN_INFINITE_RECURSION = YES;
				CLANG_WARN_INT_CONVERSION = YES;
				CLANG_WARN_NON_LITERAL_NULL_CONVERSION = YES;
				CLANG_WARN_OBJC_IMPLICIT_RETAIN_SELF = YES;
				CLANG_WARN_OBJC_LITERAL_CONVERSION = YES;
				CLANG_WARN_OBJC_ROOT_CLASS = YES_ERROR;
				CLANG_WARN_QUOTED_INCLUDE_IN_FRAMEWORK_HEADER = YES;
				CLANG_WARN_RANGE_LOOP_ANALYSIS = YES;
				CLANG_WARN_STRICT_PROTOTYPES = YES;
				CLANG_WARN_SUSPICIOUS_MOVE = YES;
				CLANG_WARN_UNGUARDED_AVAILABILITY = YES_AGGRESSIVE;
				CLANG_WARN_UNREACHABLE_CODE = YES;
				CLANG_WARN__DUPLICATE_METHOD_MATCH = YES;
				COPY_PHASE_STRIP = NO;
				DEBUG_INFORMATION_FORMAT = "dwarf-with-dsym";
				ENABLE_NS_ASSERTIONS = NO;
				ENABLE_STRICT_OBJC_MSGSEND = YES;
				ENABLE_USER_SCRIPT_SANDBOXING = YES;
				GCC_C_LANGUAGE_STANDARD = gnu17;
				GCC_NO_COMMON_BLOCKS = YES;
				GCC_WARN_64_TO_32_BIT_CONVERSION = YES;
				GCC_WARN_ABOUT_RETURN_TYPE = YES_ERROR;
				GCC_WARN_UNDECLARED_SELECTOR = YES;
				GCC_WARN_UNINITIALIZED_AUTOS = YES_AGGRESSIVE;
				GCC_WARN_UNUSED_FUNCTION = YES;
				GCC_WARN_UNUSED_VARIABLE = YES;
				IPHONEOS_DEPLOYMENT_TARGET = 18.1;
				LOCALIZATION_PREFERS_STRING_CATALOGS = YES;
				MTL_ENABLE_DEBUG_INFO = NO;
				MTL_FAST_MATH = YES;
				SDKROOT = iphoneos;
				SWIFT_COMPILATION_MODE = wholemodule;
				VALIDATE_PRODUCT = YES;
			};
			name = Release;
		};
		92980E642D43F50B001FDFAD /* Debug */ = {
			isa = XCBuildConfiguration;
			buildSettings = {
				BUNDLE_LOADER = "$(TEST_HOST)";
				CLANG_ENABLE_MODULES = YES;
				CODE_SIGN_STYLE = Automatic;
				CURRENT_PROJECT_VERSION = 1;
				DEVELOPMENT_TEAM = 258576KTZ4;
				GENERATE_INFOPLIST_FILE = YES;
				IPHONEOS_DEPLOYMENT_TARGET = 18.1;
				MARKETING_VERSION = 1.0;
				PRODUCT_BUNDLE_IDENTIFIER = "com.app.homeworks.Architecture-HomeworksTests";
				PRODUCT_NAME = "$(TARGET_NAME)";
				SWIFT_EMIT_LOC_STRINGS = NO;
				SWIFT_OPTIMIZATION_LEVEL = "-Onone";
				SWIFT_VERSION = 5.0;
				TARGETED_DEVICE_FAMILY = "1,2";
				TEST_HOST = "$(BUILT_PRODUCTS_DIR)/Architecture Homeworks.app/$(BUNDLE_EXECUTABLE_FOLDER_PATH)/Architecture Homeworks";
			};
			name = Debug;
		};
		92980E652D43F50B001FDFAD /* Release */ = {
			isa = XCBuildConfiguration;
			buildSettings = {
				BUNDLE_LOADER = "$(TEST_HOST)";
				CLANG_ENABLE_MODULES = YES;
				CODE_SIGN_STYLE = Automatic;
				CURRENT_PROJECT_VERSION = 1;
				DEVELOPMENT_TEAM = 258576KTZ4;
				GENERATE_INFOPLIST_FILE = YES;
				IPHONEOS_DEPLOYMENT_TARGET = 18.1;
				MARKETING_VERSION = 1.0;
				PRODUCT_BUNDLE_IDENTIFIER = "com.app.homeworks.Architecture-HomeworksTests";
				PRODUCT_NAME = "$(TARGET_NAME)";
				SWIFT_EMIT_LOC_STRINGS = NO;
				SWIFT_VERSION = 5.0;
				TARGETED_DEVICE_FAMILY = "1,2";
				TEST_HOST = "$(BUILT_PRODUCTS_DIR)/Architecture Homeworks.app/$(BUNDLE_EXECUTABLE_FOLDER_PATH)/Architecture Homeworks";
			};
			name = Release;
		};
		92980E672D43F50B001FDFAD /* Debug */ = {
			isa = XCBuildConfiguration;
			buildSettings = {
				CODE_SIGN_STYLE = Automatic;
				CURRENT_PROJECT_VERSION = 1;
				DEVELOPMENT_TEAM = 258576KTZ4;
				GENERATE_INFOPLIST_FILE = YES;
				MARKETING_VERSION = 1.0;
				PRODUCT_BUNDLE_IDENTIFIER = "com.app.homeworks.Architecture-HomeworksUITests";
				PRODUCT_NAME = "$(TARGET_NAME)";
				SWIFT_EMIT_LOC_STRINGS = NO;
				SWIFT_VERSION = 5.0;
				TARGETED_DEVICE_FAMILY = "1,2";
				TEST_TARGET_NAME = "Architecture Homeworks";
			};
			name = Debug;
		};
		92980E682D43F50B001FDFAD /* Release */ = {
			isa = XCBuildConfiguration;
			buildSettings = {
				CODE_SIGN_STYLE = Automatic;
				CURRENT_PROJECT_VERSION = 1;
				DEVELOPMENT_TEAM = 258576KTZ4;
				GENERATE_INFOPLIST_FILE = YES;
				MARKETING_VERSION = 1.0;
				PRODUCT_BUNDLE_IDENTIFIER = "com.app.homeworks.Architecture-HomeworksUITests";
				PRODUCT_NAME = "$(TARGET_NAME)";
				SWIFT_EMIT_LOC_STRINGS = NO;
				SWIFT_VERSION = 5.0;
				TARGETED_DEVICE_FAMILY = "1,2";
				TEST_TARGET_NAME = "Architecture Homeworks";
			};
			name = Release;
		};
/* End XCBuildConfiguration section */

/* Begin XCConfigurationList section */
		92980E302D43F50A001FDFAD /* Build configuration list for PBXProject "Architecture Homeworks" */ = {
			isa = XCConfigurationList;
			buildConfigurations = (
				92980E612D43F50B001FDFAD /* Debug */,
				92980E622D43F50B001FDFAD /* Release */,
			);
			defaultConfigurationIsVisible = 0;
			defaultConfigurationName = Release;
		};
		92980E5E2D43F50B001FDFAD /* Build configuration list for PBXNativeTarget "Architecture Homeworks" */ = {
			isa = XCConfigurationList;
			buildConfigurations = (
				92980E5F2D43F50B001FDFAD /* Debug */,
				92980E602D43F50B001FDFAD /* Release */,
			);
			defaultConfigurationIsVisible = 0;
			defaultConfigurationName = Release;
		};
		92980E632D43F50B001FDFAD /* Build configuration list for PBXNativeTarget "Architecture HomeworksTests" */ = {
			isa = XCConfigurationList;
			buildConfigurations = (
				92980E642D43F50B001FDFAD /* Debug */,
				92980E652D43F50B001FDFAD /* Release */,
			);
			defaultConfigurationIsVisible = 0;
			defaultConfigurationName = Release;
		};
		92980E662D43F50B001FDFAD /* Build configuration list for PBXNativeTarget "Architecture HomeworksUITests" */ = {
			isa = XCConfigurationList;
			buildConfigurations = (
				92980E672D43F50B001FDFAD /* Debug */,
				92980E682D43F50B001FDFAD /* Release */,
			);
			defaultConfigurationIsVisible = 0;
			defaultConfigurationName = Release;
		};
/* End XCConfigurationList section */
	};
	rootObject = 92980E2D2D43F50A001FDFAD /* Project object */;
}
