// !$*UTF8*$!
{
	archiveVersion = 1;
	classes = {
	};
	objectVersion = 63;
	objects = {

/* Begin PBXBuildFile section */
		923E5B632D451EC4001E429A /* Assets.xcassets in Resources */ = {isa = PBXBuildFile; fileRef = 923E5B5B2D451EC4001E429A /* Assets.xcassets */; };
		923E5B652D451EC4001E429A /* LaunchScreen.storyboard in Resources */ = {isa = PBXBuildFile; fileRef = 923E5B5D2D451EC4001E429A /* LaunchScreen.storyboard */; };
		923E5B662D451EC4001E429A /* Main.storyboard in Resources */ = {isa = PBXBuildFile; fileRef = 923E5B5E2D451EC4001E429A /* Main.storyboard */; };
		923E5B682D451EC4001E429A /* AppDelegate.swift in Sources */ = {isa = PBXBuildFile; fileRef = 923E5B5A2D451EC4001E429A /* AppDelegate.swift */; };
		923E5B692D451EC4001E429A /* SceneDelegate.swift in Sources */ = {isa = PBXBuildFile; fileRef = 923E5B5F2D451EC4001E429A /* SceneDelegate.swift */; };
		923E5B6A2D451EC4001E429A /* ViewController.swift in Sources */ = {isa = PBXBuildFile; fileRef = 923E5B602D451EC4001E429A /* ViewController.swift */; };
		923E5B772D451FC8001E429A /* QuadraticEquationSolver.swift in Sources */ = {isa = PBXBuildFile; fileRef = 923E5B752D451FC8001E429A /* QuadraticEquationSolver.swift */; };
		923E5B7C2D452002001E429A /* QuadraticEquationSolverTests.swift in Sources */ = {isa = PBXBuildFile; fileRef = 923E5B7A2D452002001E429A /* QuadraticEquationSolverTests.swift */; };
		927216472D5903520023C216 /* Move.swift in Sources */ = {isa = PBXBuildFile; fileRef = 927216462D59034D0023C216 /* Move.swift */; };
		927216492D5916C10023C216 /* MovingObject.swift in Sources */ = {isa = PBXBuildFile; fileRef = 927216482D5916BE0023C216 /* MovingObject.swift */; };
		9272164C2D5917740023C216 /* Rotate.swift in Sources */ = {isa = PBXBuildFile; fileRef = 9272164B2D5917720023C216 /* Rotate.swift */; };
		9272164E2D59182F0023C216 /* RotatableObject.swift in Sources */ = {isa = PBXBuildFile; fileRef = 9272164D2D59182C0023C216 /* RotatableObject.swift */; };
		927216502D591A0A0023C216 /* MoveTests.swift in Sources */ = {isa = PBXBuildFile; fileRef = 9272164F2D591A070023C216 /* MoveTests.swift */; };
		927216522D591B7C0023C216 /* MovingObjectMock.swift in Sources */ = {isa = PBXBuildFile; fileRef = 927216512D591B6F0023C216 /* MovingObjectMock.swift */; };
		927D27292D66288400D0C4BC /* Loop.swift in Sources */ = {isa = PBXBuildFile; fileRef = 927D27282D66286B00D0C4BC /* Loop.swift */; };
		927D272B2D66291800D0C4BC /* CommandProtocol.swift in Sources */ = {isa = PBXBuildFile; fileRef = 927D272A2D66290D00D0C4BC /* CommandProtocol.swift */; };
		927D272F2D662B6900D0C4BC /* ExceptionHandler.swift in Sources */ = {isa = PBXBuildFile; fileRef = 927D272E2D662B6500D0C4BC /* ExceptionHandler.swift */; };
		927D27322D6632B800D0C4BC /* WriteToLogCommand.swift in Sources */ = {isa = PBXBuildFile; fileRef = 927D27312D6632B300D0C4BC /* WriteToLogCommand.swift */; };
		927D27342D6650F000D0C4BC /* ExceptionRegisterer.swift in Sources */ = {isa = PBXBuildFile; fileRef = 927D27332D6650EB00D0C4BC /* ExceptionRegisterer.swift */; };
		927D27362D66523100D0C4BC /* AddToQueueCommand.swift in Sources */ = {isa = PBXBuildFile; fileRef = 927D27352D66522900D0C4BC /* AddToQueueCommand.swift */; };
		927D27382D6654CC00D0C4BC /* CommandsQueue.swift in Sources */ = {isa = PBXBuildFile; fileRef = 927D27372D6654C500D0C4BC /* CommandsQueue.swift */; };
		927D273A2D66588E00D0C4BC /* RepeatOnceCommand.swift in Sources */ = {isa = PBXBuildFile; fileRef = 927D27392D66588400D0C4BC /* RepeatOnceCommand.swift */; };
		928D47882D68D1930024052E /* ErrorCommand.swift in Sources */ = {isa = PBXBuildFile; fileRef = 928D47872D68D18F0024052E /* ErrorCommand.swift */; };
		92AF70D72D69D8B6006A3547 /* RepeatTwiceCommand.swift in Sources */ = {isa = PBXBuildFile; fileRef = 92AF70D62D69D8AB006A3547 /* RepeatTwiceCommand.swift */; };
		92AF70D92D69D9B1006A3547 /* CommandsTests.swift in Sources */ = {isa = PBXBuildFile; fileRef = 92AF70D82D69D9AD006A3547 /* CommandsTests.swift */; };
		92AF70DB2D69DA4B006A3547 /* EmptyCommand.swift in Sources */ = {isa = PBXBuildFile; fileRef = 92AF70DA2D69DA41006A3547 /* EmptyCommand.swift */; };
		92AF70DE2D69DB4A006A3547 /* Log.swift in Sources */ = {isa = PBXBuildFile; fileRef = 92AF70DD2D69DB49006A3547 /* Log.swift */; };
/* End PBXBuildFile section */

/* Begin PBXContainerItemProxy section */
		92980E4C2D43F50B001FDFAD /* PBXContainerItemProxy */ = {
			isa = PBXContainerItemProxy;
			containerPortal = 92980E2D2D43F50A001FDFAD /* Project object */;
			proxyType = 1;
			remoteGlobalIDString = 92980E342D43F50A001FDFAD;
			remoteInfo = "Architecture Homeworks";
		};
/* End PBXContainerItemProxy section */

/* Begin PBXFileReference section */
		923E5B5A2D451EC4001E429A /* AppDelegate.swift */ = {isa = PBXFileReference; lastKnownFileType = sourcecode.swift; path = AppDelegate.swift; sourceTree = "<group>"; };
		923E5B5B2D451EC4001E429A /* Assets.xcassets */ = {isa = PBXFileReference; lastKnownFileType = folder.assetcatalog; path = Assets.xcassets; sourceTree = "<group>"; };
		923E5B5C2D451EC4001E429A /* Info.plist */ = {isa = PBXFileReference; lastKnownFileType = text.plist.xml; path = Info.plist; sourceTree = "<group>"; };
		923E5B5F2D451EC4001E429A /* SceneDelegate.swift */ = {isa = PBXFileReference; lastKnownFileType = sourcecode.swift; path = SceneDelegate.swift; sourceTree = "<group>"; };
		923E5B602D451EC4001E429A /* ViewController.swift */ = {isa = PBXFileReference; lastKnownFileType = sourcecode.swift; path = ViewController.swift; sourceTree = "<group>"; };
		923E5B612D451EC4001E429A /* Base */ = {isa = PBXFileReference; lastKnownFileType = file.storyboard; name = Base; path = Base.lproj/LaunchScreen.storyboard; sourceTree = "<group>"; };
		923E5B622D451EC4001E429A /* Base */ = {isa = PBXFileReference; lastKnownFileType = file.storyboard; name = Base; path = Base.lproj/Main.storyboard; sourceTree = "<group>"; };
		923E5B752D451FC8001E429A /* QuadraticEquationSolver.swift */ = {isa = PBXFileReference; lastKnownFileType = sourcecode.swift; path = QuadraticEquationSolver.swift; sourceTree = "<group>"; };
		923E5B7A2D452002001E429A /* QuadraticEquationSolverTests.swift */ = {isa = PBXFileReference; lastKnownFileType = sourcecode.swift; path = QuadraticEquationSolverTests.swift; sourceTree = "<group>"; };
		927216462D59034D0023C216 /* Move.swift */ = {isa = PBXFileReference; lastKnownFileType = sourcecode.swift; path = Move.swift; sourceTree = "<group>"; };
		927216482D5916BE0023C216 /* MovingObject.swift */ = {isa = PBXFileReference; lastKnownFileType = sourcecode.swift; path = MovingObject.swift; sourceTree = "<group>"; };
		9272164B2D5917720023C216 /* Rotate.swift */ = {isa = PBXFileReference; lastKnownFileType = sourcecode.swift; path = Rotate.swift; sourceTree = "<group>"; };
		9272164D2D59182C0023C216 /* RotatableObject.swift */ = {isa = PBXFileReference; lastKnownFileType = sourcecode.swift; path = RotatableObject.swift; sourceTree = "<group>"; };
		9272164F2D591A070023C216 /* MoveTests.swift */ = {isa = PBXFileReference; lastKnownFileType = sourcecode.swift; path = MoveTests.swift; sourceTree = "<group>"; };
		927216512D591B6F0023C216 /* MovingObjectMock.swift */ = {isa = PBXFileReference; lastKnownFileType = sourcecode.swift; path = MovingObjectMock.swift; sourceTree = "<group>"; };
		927D27282D66286B00D0C4BC /* Loop.swift */ = {isa = PBXFileReference; lastKnownFileType = sourcecode.swift; path = Loop.swift; sourceTree = "<group>"; };
		927D272A2D66290D00D0C4BC /* CommandProtocol.swift */ = {isa = PBXFileReference; lastKnownFileType = sourcecode.swift; path = CommandProtocol.swift; sourceTree = "<group>"; };
		927D272E2D662B6500D0C4BC /* ExceptionHandler.swift */ = {isa = PBXFileReference; lastKnownFileType = sourcecode.swift; path = ExceptionHandler.swift; sourceTree = "<group>"; };
		927D27312D6632B300D0C4BC /* WriteToLogCommand.swift */ = {isa = PBXFileReference; lastKnownFileType = sourcecode.swift; path = WriteToLogCommand.swift; sourceTree = "<group>"; };
		927D27332D6650EB00D0C4BC /* ExceptionRegisterer.swift */ = {isa = PBXFileReference; lastKnownFileType = sourcecode.swift; path = ExceptionRegisterer.swift; sourceTree = "<group>"; };
		927D27352D66522900D0C4BC /* AddToQueueCommand.swift */ = {isa = PBXFileReference; lastKnownFileType = sourcecode.swift; path = AddToQueueCommand.swift; sourceTree = "<group>"; };
		927D27372D6654C500D0C4BC /* CommandsQueue.swift */ = {isa = PBXFileReference; lastKnownFileType = sourcecode.swift; path = CommandsQueue.swift; sourceTree = "<group>"; };
		927D27392D66588400D0C4BC /* RepeatOnceCommand.swift */ = {isa = PBXFileReference; lastKnownFileType = sourcecode.swift; path = RepeatOnceCommand.swift; sourceTree = "<group>"; };
		928D47872D68D18F0024052E /* ErrorCommand.swift */ = {isa = PBXFileReference; lastKnownFileType = sourcecode.swift; path = ErrorCommand.swift; sourceTree = "<group>"; };
		92980E352D43F50A001FDFAD /* Architecture Homeworks.app */ = {isa = PBXFileReference; explicitFileType = wrapper.application; includeInIndex = 0; path = "Architecture Homeworks.app"; sourceTree = BUILT_PRODUCTS_DIR; };
		92980E4B2D43F50B001FDFAD /* Architecture HomeworksTests.xctest */ = {isa = PBXFileReference; explicitFileType = wrapper.cfbundle; includeInIndex = 0; path = "Architecture HomeworksTests.xctest"; sourceTree = BUILT_PRODUCTS_DIR; };
		92AF70D62D69D8AB006A3547 /* RepeatTwiceCommand.swift */ = {isa = PBXFileReference; lastKnownFileType = sourcecode.swift; path = RepeatTwiceCommand.swift; sourceTree = "<group>"; };
		92AF70D82D69D9AD006A3547 /* CommandsTests.swift */ = {isa = PBXFileReference; lastKnownFileType = sourcecode.swift; path = CommandsTests.swift; sourceTree = "<group>"; };
		92AF70DA2D69DA41006A3547 /* EmptyCommand.swift */ = {isa = PBXFileReference; lastKnownFileType = sourcecode.swift; path = EmptyCommand.swift; sourceTree = "<group>"; };
		92AF70DD2D69DB49006A3547 /* Log.swift */ = {isa = PBXFileReference; lastKnownFileType = sourcecode.swift; path = Log.swift; sourceTree = "<group>"; };
/* End PBXFileReference section */

/* Begin PBXFrameworksBuildPhase section */
		92980E322D43F50A001FDFAD /* Frameworks */ = {
			isa = PBXFrameworksBuildPhase;
			buildActionMask = 2147483647;
			files = (
			);
			runOnlyForDeploymentPostprocessing = 0;
		};
		92980E482D43F50B001FDFAD /* Frameworks */ = {
			isa = PBXFrameworksBuildPhase;
			buildActionMask = 2147483647;
			files = (
			);
			runOnlyForDeploymentPostprocessing = 0;
		};
/* End PBXFrameworksBuildPhase section */

/* Begin PBXGroup section */
		923E5B742D451FAF001E429A /* Architecture Homeworks */ = {
			isa = PBXGroup;
			children = (
				927D27262D66272700D0C4BC /* HW3 */,
				927216442D58F97D0023C216 /* HW2 */,
				923E5B782D451FE3001E429A /* HW1 */,
				923E5B5A2D451EC4001E429A /* AppDelegate.swift */,
				923E5B5B2D451EC4001E429A /* Assets.xcassets */,
				923E5B5C2D451EC4001E429A /* Info.plist */,
				923E5B5D2D451EC4001E429A /* LaunchScreen.storyboard */,
				923E5B5E2D451EC4001E429A /* Main.storyboard */,
				923E5B5F2D451EC4001E429A /* SceneDelegate.swift */,
				923E5B602D451EC4001E429A /* ViewController.swift */,
			);
			path = "Architecture Homeworks";
			sourceTree = "<group>";
		};
		923E5B782D451FE3001E429A /* HW1 */ = {
			isa = PBXGroup;
			children = (
				923E5B752D451FC8001E429A /* QuadraticEquationSolver.swift */,
			);
			path = HW1;
			sourceTree = "<group>";
		};
		923E5B792D451FFA001E429A /* Architecture HomeworksTests */ = {
			isa = PBXGroup;
			children = (
				927D27272D66273300D0C4BC /* HW3 */,
				927216452D58F9860023C216 /* HW2 */,
				923E5B7D2D452011001E429A /* HW1 */,
			);
			path = "Architecture HomeworksTests";
			sourceTree = "<group>";
		};
		923E5B7D2D452011001E429A /* HW1 */ = {
			isa = PBXGroup;
			children = (
				923E5B7A2D452002001E429A /* QuadraticEquationSolverTests.swift */,
			);
			path = HW1;
			sourceTree = "<group>";
		};
		927216442D58F97D0023C216 /* HW2 */ = {
			isa = PBXGroup;
			children = (
				9272164D2D59182C0023C216 /* RotatableObject.swift */,
				927216482D5916BE0023C216 /* MovingObject.swift */,
				9272164B2D5917720023C216 /* Rotate.swift */,
				927216462D59034D0023C216 /* Move.swift */,
			);
			path = HW2;
			sourceTree = "<group>";
		};
		927216452D58F9860023C216 /* HW2 */ = {
			isa = PBXGroup;
			children = (
				927216512D591B6F0023C216 /* MovingObjectMock.swift */,
				9272164F2D591A070023C216 /* MoveTests.swift */,
			);
			path = HW2;
			sourceTree = "<group>";
		};
		927D27262D66272700D0C4BC /* HW3 */ = {
			isa = PBXGroup;
			children = (
				927D27302D6632AF00D0C4BC /* Commands */,
				92AF70DD2D69DB49006A3547 /* Log.swift */,
				927D27372D6654C500D0C4BC /* CommandsQueue.swift */,
				927D27332D6650EB00D0C4BC /* ExceptionRegisterer.swift */,
				927D272E2D662B6500D0C4BC /* ExceptionHandler.swift */,
				927D272A2D66290D00D0C4BC /* CommandProtocol.swift */,
				927D27282D66286B00D0C4BC /* Loop.swift */,
			);
			path = HW3;
			sourceTree = "<group>";
		};
		927D27272D66273300D0C4BC /* HW3 */ = {
			isa = PBXGroup;
			children = (
				92AF70D82D69D9AD006A3547 /* CommandsTests.swift */,
			);
			path = HW3;
			sourceTree = "<group>";
		};
		927D27302D6632AF00D0C4BC /* Commands */ = {
			isa = PBXGroup;
			children = (
				92AF70DA2D69DA41006A3547 /* EmptyCommand.swift */,
				92AF70D62D69D8AB006A3547 /* RepeatTwiceCommand.swift */,
				928D47872D68D18F0024052E /* ErrorCommand.swift */,
				927D27392D66588400D0C4BC /* RepeatOnceCommand.swift */,
				927D27352D66522900D0C4BC /* AddToQueueCommand.swift */,
				927D27312D6632B300D0C4BC /* WriteToLogCommand.swift */,
			);
			path = Commands;
			sourceTree = "<group>";
		};
		92980E2C2D43F50A001FDFAD = {
			isa = PBXGroup;
			children = (
				923E5B742D451FAF001E429A /* Architecture Homeworks */,
				923E5B792D451FFA001E429A /* Architecture HomeworksTests */,
				92980E362D43F50A001FDFAD /* Products */,
			);
			sourceTree = "<group>";
		};
		92980E362D43F50A001FDFAD /* Products */ = {
			isa = PBXGroup;
			children = (
				92980E352D43F50A001FDFAD /* Architecture Homeworks.app */,
				92980E4B2D43F50B001FDFAD /* Architecture HomeworksTests.xctest */,
			);
			name = Products;
			sourceTree = "<group>";
		};
/* End PBXGroup section */

/* Begin PBXNativeTarget section */
		92980E342D43F50A001FDFAD /* Architecture Homeworks */ = {
			isa = PBXNativeTarget;
			buildConfigurationList = 92980E5E2D43F50B001FDFAD /* Build configuration list for PBXNativeTarget "Architecture Homeworks" */;
			buildPhases = (
				92980E312D43F50A001FDFAD /* Sources */,
				92980E322D43F50A001FDFAD /* Frameworks */,
				92980E332D43F50A001FDFAD /* Resources */,
			);
			buildRules = (
			);
			dependencies = (
			);
			name = "Architecture Homeworks";
			packageProductDependencies = (
			);
			productName = "Architecture Homeworks";
			productReference = 92980E352D43F50A001FDFAD /* Architecture Homeworks.app */;
			productType = "com.apple.product-type.application";
		};
		92980E4A2D43F50B001FDFAD /* Architecture HomeworksTests */ = {
			isa = PBXNativeTarget;
			buildConfigurationList = 92980E632D43F50B001FDFAD /* Build configuration list for PBXNativeTarget "Architecture HomeworksTests" */;
			buildPhases = (
				92980E472D43F50B001FDFAD /* Sources */,
				92980E482D43F50B001FDFAD /* Frameworks */,
				92980E492D43F50B001FDFAD /* Resources */,
			);
			buildRules = (
			);
			dependencies = (
				92980E4D2D43F50B001FDFAD /* PBXTargetDependency */,
			);
			name = "Architecture HomeworksTests";
			packageProductDependencies = (
			);
			productName = "Architecture HomeworksTests";
			productReference = 92980E4B2D43F50B001FDFAD /* Architecture HomeworksTests.xctest */;
			productType = "com.apple.product-type.bundle.unit-test";
		};
/* End PBXNativeTarget section */

/* Begin PBXProject section */
		92980E2D2D43F50A001FDFAD /* Project object */ = {
			isa = PBXProject;
			attributes = {
				BuildIndependentTargetsInParallel = 1;
				LastSwiftUpdateCheck = 1610;
				LastUpgradeCheck = 1610;
				TargetAttributes = {
					92980E342D43F50A001FDFAD = {
						CreatedOnToolsVersion = 16.1;
					};
					92980E4A2D43F50B001FDFAD = {
						CreatedOnToolsVersion = 16.1;
						TestTargetID = 92980E342D43F50A001FDFAD;
					};
				};
			};
			buildConfigurationList = 92980E302D43F50A001FDFAD /* Build configuration list for PBXProject "Architecture Homeworks" */;
			compatibilityVersion = "Xcode 15.0";
			developmentRegion = en;
			hasScannedForEncodings = 0;
			knownRegions = (
				en,
				Base,
			);
			mainGroup = 92980E2C2D43F50A001FDFAD;
			minimizedProjectReferenceProxies = 1;
			productRefGroup = 92980E362D43F50A001FDFAD /* Products */;
			projectDirPath = "";
			projectRoot = "";
			targets = (
				92980E342D43F50A001FDFAD /* Architecture Homeworks */,
				92980E4A2D43F50B001FDFAD /* Architecture HomeworksTests */,
			);
		};
/* End PBXProject section */

/* Begin PBXResourcesBuildPhase section */
		92980E332D43F50A001FDFAD /* Resources */ = {
			isa = PBXResourcesBuildPhase;
			buildActionMask = 2147483647;
			files = (
				923E5B632D451EC4001E429A /* Assets.xcassets in Resources */,
				923E5B652D451EC4001E429A /* LaunchScreen.storyboard in Resources */,
				923E5B662D451EC4001E429A /* Main.storyboard in Resources */,
			);
			runOnlyForDeploymentPostprocessing = 0;
		};
		92980E492D43F50B001FDFAD /* Resources */ = {
			isa = PBXResourcesBuildPhase;
			buildActionMask = 2147483647;
			files = (
			);
			runOnlyForDeploymentPostprocessing = 0;
		};
/* End PBXResourcesBuildPhase section */

/* Begin PBXSourcesBuildPhase section */
		92980E312D43F50A001FDFAD /* Sources */ = {
			isa = PBXSourcesBuildPhase;
			buildActionMask = 2147483647;
			files = (
				927216492D5916C10023C216 /* MovingObject.swift in Sources */,
				92AF70D72D69D8B6006A3547 /* RepeatTwiceCommand.swift in Sources */,
				92AF70DE2D69DB4A006A3547 /* Log.swift in Sources */,
				927D27322D6632B800D0C4BC /* WriteToLogCommand.swift in Sources */,
				927D272F2D662B6900D0C4BC /* ExceptionHandler.swift in Sources */,
				9272164C2D5917740023C216 /* Rotate.swift in Sources */,
				927216472D5903520023C216 /* Move.swift in Sources */,
				923E5B772D451FC8001E429A /* QuadraticEquationSolver.swift in Sources */,
				927D27362D66523100D0C4BC /* AddToQueueCommand.swift in Sources */,
				923E5B682D451EC4001E429A /* AppDelegate.swift in Sources */,
				927D272B2D66291800D0C4BC /* CommandProtocol.swift in Sources */,
				928D47882D68D1930024052E /* ErrorCommand.swift in Sources */,
				9272164E2D59182F0023C216 /* RotatableObject.swift in Sources */,
				927D27292D66288400D0C4BC /* Loop.swift in Sources */,
				92AF70DB2D69DA4B006A3547 /* EmptyCommand.swift in Sources */,
				923E5B692D451EC4001E429A /* SceneDelegate.swift in Sources */,
				927D27382D6654CC00D0C4BC /* CommandsQueue.swift in Sources */,
				923E5B6A2D451EC4001E429A /* ViewController.swift in Sources */,
				927D273A2D66588E00D0C4BC /* RepeatOnceCommand.swift in Sources */,
				927D27342D6650F000D0C4BC /* ExceptionRegisterer.swift in Sources */,
			);
			runOnlyForDeploymentPostprocessing = 0;
		};
		92980E472D43F50B001FDFAD /* Sources */ = {
			isa = PBXSourcesBuildPhase;
			buildActionMask = 2147483647;
			files = (
				927216522D591B7C0023C216 /* MovingObjectMock.swift in Sources */,
				927216502D591A0A0023C216 /* MoveTests.swift in Sources */,
				923E5B7C2D452002001E429A /* QuadraticEquationSolverTests.swift in Sources */,
				92AF70D92D69D9B1006A3547 /* CommandsTests.swift in Sources */,
			);
			runOnlyForDeploymentPostprocessing = 0;
		};
/* End PBXSourcesBuildPhase section */

/* Begin PBXTargetDependency section */
		92980E4D2D43F50B001FDFAD /* PBXTargetDependency */ = {
			isa = PBXTargetDependency;
			target = 92980E342D43F50A001FDFAD /* Architecture Homeworks */;
			targetProxy = 92980E4C2D43F50B001FDFAD /* PBXContainerItemProxy */;
		};
/* End PBXTargetDependency section */

/* Begin PBXVariantGroup section */
		923E5B5D2D451EC4001E429A /* LaunchScreen.storyboard */ = {
			isa = PBXVariantGroup;
			children = (
				923E5B612D451EC4001E429A /* Base */,
			);
			name = LaunchScreen.storyboard;
			sourceTree = "<group>";
		};
		923E5B5E2D451EC4001E429A /* Main.storyboard */ = {
			isa = PBXVariantGroup;
			children = (
				923E5B622D451EC4001E429A /* Base */,
			);
			name = Main.storyboard;
			sourceTree = "<group>";
		};
/* End PBXVariantGroup section */

/* Begin XCBuildConfiguration section */
		92980E5F2D43F50B001FDFAD /* Debug */ = {
			isa = XCBuildConfiguration;
			buildSettings = {
				ASSETCATALOG_COMPILER_APPICON_NAME = AppIcon;
				ASSETCATALOG_COMPILER_GLOBAL_ACCENT_COLOR_NAME = AccentColor;
				CODE_SIGN_STYLE = Automatic;
				CURRENT_PROJECT_VERSION = 1;
				DEVELOPMENT_TEAM = 258576KTZ4;
				GENERATE_INFOPLIST_FILE = YES;
				INFOPLIST_FILE = "Architecture Homeworks/Info.plist";
				INFOPLIST_KEY_UIApplicationSupportsIndirectInputEvents = YES;
				INFOPLIST_KEY_UILaunchStoryboardName = LaunchScreen;
				INFOPLIST_KEY_UIMainStoryboardFile = Main;
				INFOPLIST_KEY_UISupportedInterfaceOrientations_iPad = "UIInterfaceOrientationPortrait UIInterfaceOrientationPortraitUpsideDown UIInterfaceOrientationLandscapeLeft UIInterfaceOrientationLandscapeRight";
				INFOPLIST_KEY_UISupportedInterfaceOrientations_iPhone = "UIInterfaceOrientationPortrait UIInterfaceOrientationLandscapeLeft UIInterfaceOrientationLandscapeRight";
				LD_RUNPATH_SEARCH_PATHS = (
					"$(inherited)",
					"@executable_path/Frameworks",
				);
				MARKETING_VERSION = 1.0;
				PRODUCT_BUNDLE_IDENTIFIER = "com.app.homeworks.Architecture-Homeworks";
				PRODUCT_NAME = "$(TARGET_NAME)";
				SWIFT_EMIT_LOC_STRINGS = YES;
				SWIFT_VERSION = 5.0;
				TARGETED_DEVICE_FAMILY = "1,2";
			};
			name = Debug;
		};
		92980E602D43F50B001FDFAD /* Release */ = {
			isa = XCBuildConfiguration;
			buildSettings = {
				ASSETCATALOG_COMPILER_APPICON_NAME = AppIcon;
				ASSETCATALOG_COMPILER_GLOBAL_ACCENT_COLOR_NAME = AccentColor;
				CODE_SIGN_STYLE = Automatic;
				CURRENT_PROJECT_VERSION = 1;
				DEVELOPMENT_TEAM = 258576KTZ4;
				GENERATE_INFOPLIST_FILE = YES;
				INFOPLIST_FILE = "Architecture Homeworks/Info.plist";
				INFOPLIST_KEY_UIApplicationSupportsIndirectInputEvents = YES;
				INFOPLIST_KEY_UILaunchStoryboardName = LaunchScreen;
				INFOPLIST_KEY_UIMainStoryboardFile = Main;
				INFOPLIST_KEY_UISupportedInterfaceOrientations_iPad = "UIInterfaceOrientationPortrait UIInterfaceOrientationPortraitUpsideDown UIInterfaceOrientationLandscapeLeft UIInterfaceOrientationLandscapeRight";
				INFOPLIST_KEY_UISupportedInterfaceOrientations_iPhone = "UIInterfaceOrientationPortrait UIInterfaceOrientationLandscapeLeft UIInterfaceOrientationLandscapeRight";
				LD_RUNPATH_SEARCH_PATHS = (
					"$(inherited)",
					"@executable_path/Frameworks",
				);
				MARKETING_VERSION = 1.0;
				PRODUCT_BUNDLE_IDENTIFIER = "com.app.homeworks.Architecture-Homeworks";
				PRODUCT_NAME = "$(TARGET_NAME)";
				SWIFT_EMIT_LOC_STRINGS = YES;
				SWIFT_VERSION = 5.0;
				TARGETED_DEVICE_FAMILY = "1,2";
			};
			name = Release;
		};
		92980E612D43F50B001FDFAD /* Debug */ = {
			isa = XCBuildConfiguration;
			buildSettings = {
				ALWAYS_SEARCH_USER_PATHS = NO;
				ASSETCATALOG_COMPILER_GENERATE_SWIFT_ASSET_SYMBOL_EXTENSIONS = YES;
				CLANG_ANALYZER_NONNULL = YES;
				CLANG_ANALYZER_NUMBER_OBJECT_CONVERSION = YES_AGGRESSIVE;
				CLANG_CXX_LANGUAGE_STANDARD = "gnu++20";
				CLANG_ENABLE_MODULES = YES;
				CLANG_ENABLE_OBJC_ARC = YES;
				CLANG_ENABLE_OBJC_WEAK = YES;
				CLANG_WARN_BLOCK_CAPTURE_AUTORELEASING = YES;
				CLANG_WARN_BOOL_CONVERSION = YES;
				CLANG_WARN_COMMA = YES;
				CLANG_WARN_CONSTANT_CONVERSION = YES;
				CLANG_WARN_DEPRECATED_OBJC_IMPLEMENTATIONS = YES;
				CLANG_WARN_DIRECT_OBJC_ISA_USAGE = YES_ERROR;
				CLANG_WARN_DOCUMENTATION_COMMENTS = YES;
				CLANG_WARN_EMPTY_BODY = YES;
				CLANG_WARN_ENUM_CONVERSION = YES;
				CLANG_WARN_INFINITE_RECURSION = YES;
				CLANG_WARN_INT_CONVERSION = YES;
				CLANG_WARN_NON_LITERAL_NULL_CONVERSION = YES;
				CLANG_WARN_OBJC_IMPLICIT_RETAIN_SELF = YES;
				CLANG_WARN_OBJC_LITERAL_CONVERSION = YES;
				CLANG_WARN_OBJC_ROOT_CLASS = YES_ERROR;
				CLANG_WARN_QUOTED_INCLUDE_IN_FRAMEWORK_HEADER = YES;
				CLANG_WARN_RANGE_LOOP_ANALYSIS = YES;
				CLANG_WARN_STRICT_PROTOTYPES = YES;
				CLANG_WARN_SUSPICIOUS_MOVE = YES;
				CLANG_WARN_UNGUARDED_AVAILABILITY = YES_AGGRESSIVE;
				CLANG_WARN_UNREACHABLE_CODE = YES;
				CLANG_WARN__DUPLICATE_METHOD_MATCH = YES;
				COPY_PHASE_STRIP = NO;
				DEBUG_INFORMATION_FORMAT = dwarf;
				ENABLE_STRICT_OBJC_MSGSEND = YES;
				ENABLE_TESTABILITY = YES;
				ENABLE_USER_SCRIPT_SANDBOXING = YES;
				GCC_C_LANGUAGE_STANDARD = gnu17;
				GCC_DYNAMIC_NO_PIC = NO;
				GCC_NO_COMMON_BLOCKS = YES;
				GCC_OPTIMIZATION_LEVEL = 0;
				GCC_PREPROCESSOR_DEFINITIONS = (
					"DEBUG=1",
					"$(inherited)",
				);
				GCC_WARN_64_TO_32_BIT_CONVERSION = YES;
				GCC_WARN_ABOUT_RETURN_TYPE = YES_ERROR;
				GCC_WARN_UNDECLARED_SELECTOR = YES;
				GCC_WARN_UNINITIALIZED_AUTOS = YES_AGGRESSIVE;
				GCC_WARN_UNUSED_FUNCTION = YES;
				GCC_WARN_UNUSED_VARIABLE = YES;
				IPHONEOS_DEPLOYMENT_TARGET = 15.6;
				LOCALIZATION_PREFERS_STRING_CATALOGS = YES;
				MTL_ENABLE_DEBUG_INFO = INCLUDE_SOURCE;
				MTL_FAST_MATH = YES;
				ONLY_ACTIVE_ARCH = YES;
				SDKROOT = iphoneos;
				SWIFT_ACTIVE_COMPILATION_CONDITIONS = "DEBUG $(inherited)";
				SWIFT_OPTIMIZATION_LEVEL = "-Onone";
			};
			name = Debug;
		};
		92980E622D43F50B001FDFAD /* Release */ = {
			isa = XCBuildConfiguration;
			buildSettings = {
				ALWAYS_SEARCH_USER_PATHS = NO;
				ASSETCATALOG_COMPILER_GENERATE_SWIFT_ASSET_SYMBOL_EXTENSIONS = YES;
				CLANG_ANALYZER_NONNULL = YES;
				CLANG_ANALYZER_NUMBER_OBJECT_CONVERSION = YES_AGGRESSIVE;
				CLANG_CXX_LANGUAGE_STANDARD = "gnu++20";
				CLANG_ENABLE_MODULES = YES;
				CLANG_ENABLE_OBJC_ARC = YES;
				CLANG_ENABLE_OBJC_WEAK = YES;
				CLANG_WARN_BLOCK_CAPTURE_AUTORELEASING = YES;
				CLANG_WARN_BOOL_CONVERSION = YES;
				CLANG_WARN_COMMA = YES;
				CLANG_WARN_CONSTANT_CONVERSION = YES;
				CLANG_WARN_DEPRECATED_OBJC_IMPLEMENTATIONS = YES;
				CLANG_WARN_DIRECT_OBJC_ISA_USAGE = YES_ERROR;
				CLANG_WARN_DOCUMENTATION_COMMENTS = YES;
				CLANG_WARN_EMPTY_BODY = YES;
				CLANG_WARN_ENUM_CONVERSION = YES;
				CLANG_WARN_INFINITE_RECURSION = YES;
				CLANG_WARN_INT_CONVERSION = YES;
				CLANG_WARN_NON_LITERAL_NULL_CONVERSION = YES;
				CLANG_WARN_OBJC_IMPLICIT_RETAIN_SELF = YES;
				CLANG_WARN_OBJC_LITERAL_CONVERSION = YES;
				CLANG_WARN_OBJC_ROOT_CLASS = YES_ERROR;
				CLANG_WARN_QUOTED_INCLUDE_IN_FRAMEWORK_HEADER = YES;
				CLANG_WARN_RANGE_LOOP_ANALYSIS = YES;
				CLANG_WARN_STRICT_PROTOTYPES = YES;
				CLANG_WARN_SUSPICIOUS_MOVE = YES;
				CLANG_WARN_UNGUARDED_AVAILABILITY = YES_AGGRESSIVE;
				CLANG_WARN_UNREACHABLE_CODE = YES;
				CLANG_WARN__DUPLICATE_METHOD_MATCH = YES;
				COPY_PHASE_STRIP = NO;
				DEBUG_INFORMATION_FORMAT = "dwarf-with-dsym";
				ENABLE_NS_ASSERTIONS = NO;
				ENABLE_STRICT_OBJC_MSGSEND = YES;
				ENABLE_USER_SCRIPT_SANDBOXING = YES;
				GCC_C_LANGUAGE_STANDARD = gnu17;
				GCC_NO_COMMON_BLOCKS = YES;
				GCC_WARN_64_TO_32_BIT_CONVERSION = YES;
				GCC_WARN_ABOUT_RETURN_TYPE = YES_ERROR;
				GCC_WARN_UNDECLARED_SELECTOR = YES;
				GCC_WARN_UNINITIALIZED_AUTOS = YES_AGGRESSIVE;
				GCC_WARN_UNUSED_FUNCTION = YES;
				GCC_WARN_UNUSED_VARIABLE = YES;
				IPHONEOS_DEPLOYMENT_TARGET = 15.6;
				LOCALIZATION_PREFERS_STRING_CATALOGS = YES;
				MTL_ENABLE_DEBUG_INFO = NO;
				MTL_FAST_MATH = YES;
				SDKROOT = iphoneos;
				SWIFT_COMPILATION_MODE = wholemodule;
				VALIDATE_PRODUCT = YES;
			};
			name = Release;
		};
		92980E642D43F50B001FDFAD /* Debug */ = {
			isa = XCBuildConfiguration;
			buildSettings = {
				BUNDLE_LOADER = "$(TEST_HOST)";
				CODE_SIGN_STYLE = Automatic;
				CURRENT_PROJECT_VERSION = 1;
				DEVELOPMENT_TEAM = 258576KTZ4;
				GENERATE_INFOPLIST_FILE = YES;
				IPHONEOS_DEPLOYMENT_TARGET = 15.6;
				MARKETING_VERSION = 1.0;
				PRODUCT_BUNDLE_IDENTIFIER = "com.app.homeworks.Architecture-HomeworksTests";
				PRODUCT_NAME = "$(TARGET_NAME)";
				SWIFT_EMIT_LOC_STRINGS = NO;
				SWIFT_VERSION = 5.0;
				TARGETED_DEVICE_FAMILY = "1,2";
				TEST_HOST = "$(BUILT_PRODUCTS_DIR)/Architecture Homeworks.app/$(BUNDLE_EXECUTABLE_FOLDER_PATH)/Architecture Homeworks";
			};
			name = Debug;
		};
		92980E652D43F50B001FDFAD /* Release */ = {
			isa = XCBuildConfiguration;
			buildSettings = {
				BUNDLE_LOADER = "$(TEST_HOST)";
				CODE_SIGN_STYLE = Automatic;
				CURRENT_PROJECT_VERSION = 1;
				DEVELOPMENT_TEAM = 258576KTZ4;
				GENERATE_INFOPLIST_FILE = YES;
				IPHONEOS_DEPLOYMENT_TARGET = 15.6;
				MARKETING_VERSION = 1.0;
				PRODUCT_BUNDLE_IDENTIFIER = "com.app.homeworks.Architecture-HomeworksTests";
				PRODUCT_NAME = "$(TARGET_NAME)";
				SWIFT_EMIT_LOC_STRINGS = NO;
				SWIFT_VERSION = 5.0;
				TARGETED_DEVICE_FAMILY = "1,2";
				TEST_HOST = "$(BUILT_PRODUCTS_DIR)/Architecture Homeworks.app/$(BUNDLE_EXECUTABLE_FOLDER_PATH)/Architecture Homeworks";
			};
			name = Release;
		};
/* End XCBuildConfiguration section */

/* Begin XCConfigurationList section */
		92980E302D43F50A001FDFAD /* Build configuration list for PBXProject "Architecture Homeworks" */ = {
			isa = XCConfigurationList;
			buildConfigurations = (
				92980E612D43F50B001FDFAD /* Debug */,
				92980E622D43F50B001FDFAD /* Release */,
			);
			defaultConfigurationIsVisible = 0;
			defaultConfigurationName = Release;
		};
		92980E5E2D43F50B001FDFAD /* Build configuration list for PBXNativeTarget "Architecture Homeworks" */ = {
			isa = XCConfigurationList;
			buildConfigurations = (
				92980E5F2D43F50B001FDFAD /* Debug */,
				92980E602D43F50B001FDFAD /* Release */,
			);
			defaultConfigurationIsVisible = 0;
			defaultConfigurationName = Release;
		};
		92980E632D43F50B001FDFAD /* Build configuration list for PBXNativeTarget "Architecture HomeworksTests" */ = {
			isa = XCConfigurationList;
			buildConfigurations = (
				92980E642D43F50B001FDFAD /* Debug */,
				92980E652D43F50B001FDFAD /* Release */,
			);
			defaultConfigurationIsVisible = 0;
			defaultConfigurationName = Release;
		};
/* End XCConfigurationList section */
	};
	rootObject = 92980E2D2D43F50A001FDFAD /* Project object */;
}
